// !$*UTF8*$!
{
	archiveVersion = 1;
	classes = {
	};
	objectVersion = 46;
	objects = {

/* Begin PBXBuildFile section */
		215C0D4B1726E2A30051F919 /* UIKit.framework in Frameworks */ = {isa = PBXBuildFile; fileRef = 215C0D4A1726E2A30051F919 /* UIKit.framework */; };
		215C0D4D1726E2A30051F919 /* Foundation.framework in Frameworks */ = {isa = PBXBuildFile; fileRef = 215C0D4C1726E2A30051F919 /* Foundation.framework */; };
		215C0D4F1726E2A30051F919 /* CoreGraphics.framework in Frameworks */ = {isa = PBXBuildFile; fileRef = 215C0D4E1726E2A30051F919 /* CoreGraphics.framework */; };
		215C0D551726E2A30051F919 /* InfoPlist.strings in Resources */ = {isa = PBXBuildFile; fileRef = 215C0D531726E2A30051F919 /* InfoPlist.strings */; };
		215C0D571726E2A30051F919 /* main.m in Sources */ = {isa = PBXBuildFile; fileRef = 215C0D561726E2A30051F919 /* main.m */; };
		215C0D5B1726E2A30051F919 /* AppDelegate.m in Sources */ = {isa = PBXBuildFile; fileRef = 215C0D5A1726E2A30051F919 /* AppDelegate.m */; };
		215C0D5D1726E2A30051F919 /* Default.png in Resources */ = {isa = PBXBuildFile; fileRef = 215C0D5C1726E2A30051F919 /* Default.png */; };
		215C0D5F1726E2A30051F919 /* Default@2x.png in Resources */ = {isa = PBXBuildFile; fileRef = 215C0D5E1726E2A30051F919 /* Default@2x.png */; };
		215C0D611726E2A30051F919 /* Default-568h@2x.png in Resources */ = {isa = PBXBuildFile; fileRef = 215C0D601726E2A30051F919 /* Default-568h@2x.png */; };
		215C0D6A1726E2ED0051F919 /* ViewController.m in Sources */ = {isa = PBXBuildFile; fileRef = 215C0D681726E2ED0051F919 /* ViewController.m */; };
		215C0D6B1726E2ED0051F919 /* ViewController.xib in Resources */ = {isa = PBXBuildFile; fileRef = 215C0D691726E2ED0051F919 /* ViewController.xib */; };
		215C0D711726E3170051F919 /* TCBlobDownload.m in Sources */ = {isa = PBXBuildFile; fileRef = 215C0D6E1726E3170051F919 /* TCBlobDownload.m */; };
		215C0D721726E3170051F919 /* TCBlobDownloadManager.m in Sources */ = {isa = PBXBuildFile; fileRef = 215C0D701726E3170051F919 /* TCBlobDownloadManager.m */; };
/* End PBXBuildFile section */

/* Begin PBXFileReference section */
		215C0D471726E2A30051F919 /* TCBlobDownloadExample.app */ = {isa = PBXFileReference; explicitFileType = wrapper.application; includeInIndex = 0; path = TCBlobDownloadExample.app; sourceTree = BUILT_PRODUCTS_DIR; };
		215C0D4A1726E2A30051F919 /* UIKit.framework */ = {isa = PBXFileReference; lastKnownFileType = wrapper.framework; name = UIKit.framework; path = System/Library/Frameworks/UIKit.framework; sourceTree = SDKROOT; };
		215C0D4C1726E2A30051F919 /* Foundation.framework */ = {isa = PBXFileReference; lastKnownFileType = wrapper.framework; name = Foundation.framework; path = System/Library/Frameworks/Foundation.framework; sourceTree = SDKROOT; };
		215C0D4E1726E2A30051F919 /* CoreGraphics.framework */ = {isa = PBXFileReference; lastKnownFileType = wrapper.framework; name = CoreGraphics.framework; path = System/Library/Frameworks/CoreGraphics.framework; sourceTree = SDKROOT; };
		215C0D521726E2A30051F919 /* TCBlobDownloadExample-Info.plist */ = {isa = PBXFileReference; lastKnownFileType = text.plist.xml; path = "TCBlobDownloadExample-Info.plist"; sourceTree = "<group>"; };
		215C0D541726E2A30051F919 /* en */ = {isa = PBXFileReference; lastKnownFileType = text.plist.strings; name = en; path = en.lproj/InfoPlist.strings; sourceTree = "<group>"; };
		215C0D561726E2A30051F919 /* main.m */ = {isa = PBXFileReference; lastKnownFileType = sourcecode.c.objc; path = main.m; sourceTree = "<group>"; };
		215C0D581726E2A30051F919 /* TCBlobDownloadExample-Prefix.pch */ = {isa = PBXFileReference; lastKnownFileType = sourcecode.c.h; path = "TCBlobDownloadExample-Prefix.pch"; sourceTree = "<group>"; };
		215C0D591726E2A30051F919 /* AppDelegate.h */ = {isa = PBXFileReference; lastKnownFileType = sourcecode.c.h; path = AppDelegate.h; sourceTree = "<group>"; };
		215C0D5A1726E2A30051F919 /* AppDelegate.m */ = {isa = PBXFileReference; lastKnownFileType = sourcecode.c.objc; path = AppDelegate.m; sourceTree = "<group>"; };
		215C0D5C1726E2A30051F919 /* Default.png */ = {isa = PBXFileReference; lastKnownFileType = image.png; path = Default.png; sourceTree = "<group>"; };
		215C0D5E1726E2A30051F919 /* Default@2x.png */ = {isa = PBXFileReference; lastKnownFileType = image.png; path = "Default@2x.png"; sourceTree = "<group>"; };
		215C0D601726E2A30051F919 /* Default-568h@2x.png */ = {isa = PBXFileReference; lastKnownFileType = image.png; path = "Default-568h@2x.png"; sourceTree = "<group>"; };
		215C0D671726E2ED0051F919 /* ViewController.h */ = {isa = PBXFileReference; fileEncoding = 4; lastKnownFileType = sourcecode.c.h; path = ViewController.h; sourceTree = "<group>"; };
		215C0D681726E2ED0051F919 /* ViewController.m */ = {isa = PBXFileReference; fileEncoding = 4; lastKnownFileType = sourcecode.c.objc; path = ViewController.m; sourceTree = "<group>"; };
		215C0D691726E2ED0051F919 /* ViewController.xib */ = {isa = PBXFileReference; fileEncoding = 4; lastKnownFileType = file.xib; path = ViewController.xib; sourceTree = "<group>"; };
		215C0D6D1726E3170051F919 /* TCBlobDownload.h */ = {isa = PBXFileReference; fileEncoding = 4; lastKnownFileType = sourcecode.c.h; name = TCBlobDownload.h; path = Classes/TCBlobDownload.h; sourceTree = SOURCE_ROOT; };
		215C0D6E1726E3170051F919 /* TCBlobDownload.m */ = {isa = PBXFileReference; fileEncoding = 4; lastKnownFileType = sourcecode.c.objc; name = TCBlobDownload.m; path = Classes/TCBlobDownload.m; sourceTree = SOURCE_ROOT; };
		215C0D6F1726E3170051F919 /* TCBlobDownloadManager.h */ = {isa = PBXFileReference; fileEncoding = 4; lastKnownFileType = sourcecode.c.h; name = TCBlobDownloadManager.h; path = Classes/TCBlobDownloadManager.h; sourceTree = SOURCE_ROOT; };
		215C0D701726E3170051F919 /* TCBlobDownloadManager.m */ = {isa = PBXFileReference; fileEncoding = 4; lastKnownFileType = sourcecode.c.objc; name = TCBlobDownloadManager.m; path = Classes/TCBlobDownloadManager.m; sourceTree = SOURCE_ROOT; };
/* End PBXFileReference section */

/* Begin PBXFrameworksBuildPhase section */
		215C0D441726E2A30051F919 /* Frameworks */ = {
			isa = PBXFrameworksBuildPhase;
			buildActionMask = 2147483647;
			files = (
				215C0D4B1726E2A30051F919 /* UIKit.framework in Frameworks */,
				215C0D4D1726E2A30051F919 /* Foundation.framework in Frameworks */,
				215C0D4F1726E2A30051F919 /* CoreGraphics.framework in Frameworks */,
			);
			runOnlyForDeploymentPostprocessing = 0;
		};
/* End PBXFrameworksBuildPhase section */

/* Begin PBXGroup section */
		215C0D3E1726E2A30051F919 = {
			isa = PBXGroup;
			children = (
				215C0D501726E2A30051F919 /* TCBlobDownloadExample */,
				215C0D491726E2A30051F919 /* Frameworks */,
				215C0D481726E2A30051F919 /* Products */,
			);
			sourceTree = "<group>";
		};
		215C0D481726E2A30051F919 /* Products */ = {
			isa = PBXGroup;
			children = (
				215C0D471726E2A30051F919 /* TCBlobDownloadExample.app */,
			);
			name = Products;
			sourceTree = "<group>";
		};
		215C0D491726E2A30051F919 /* Frameworks */ = {
			isa = PBXGroup;
			children = (
				215C0D4A1726E2A30051F919 /* UIKit.framework */,
				215C0D4C1726E2A30051F919 /* Foundation.framework */,
				215C0D4E1726E2A30051F919 /* CoreGraphics.framework */,
			);
			name = Frameworks;
			sourceTree = "<group>";
		};
		215C0D501726E2A30051F919 /* TCBlobDownloadExample */ = {
			isa = PBXGroup;
			children = (
				215C0D591726E2A30051F919 /* AppDelegate.h */,
				215C0D5A1726E2A30051F919 /* AppDelegate.m */,
				215C0D671726E2ED0051F919 /* ViewController.h */,
				215C0D681726E2ED0051F919 /* ViewController.m */,
				215C0D691726E2ED0051F919 /* ViewController.xib */,
				215C0D6C1726E2F90051F919 /* TCBlobDownload */,
				215C0D511726E2A30051F919 /* Supporting Files */,
			);
			path = TCBlobDownloadExample;
			sourceTree = "<group>";
		};
		215C0D511726E2A30051F919 /* Supporting Files */ = {
			isa = PBXGroup;
			children = (
				215C0D521726E2A30051F919 /* TCBlobDownloadExample-Info.plist */,
				215C0D531726E2A30051F919 /* InfoPlist.strings */,
				215C0D561726E2A30051F919 /* main.m */,
				215C0D581726E2A30051F919 /* TCBlobDownloadExample-Prefix.pch */,
				215C0D5C1726E2A30051F919 /* Default.png */,
				215C0D5E1726E2A30051F919 /* Default@2x.png */,
				215C0D601726E2A30051F919 /* Default-568h@2x.png */,
			);
			name = "Supporting Files";
			sourceTree = "<group>";
		};
		215C0D6C1726E2F90051F919 /* TCBlobDownload */ = {
			isa = PBXGroup;
			children = (
				215C0D6F1726E3170051F919 /* TCBlobDownloadManager.h */,
				215C0D701726E3170051F919 /* TCBlobDownloadManager.m */,
				215C0D6D1726E3170051F919 /* TCBlobDownload.h */,
				215C0D6E1726E3170051F919 /* TCBlobDownload.m */,
			);
			name = TCBlobDownload;
			sourceTree = "<group>";
		};
/* End PBXGroup section */

/* Begin PBXNativeTarget section */
		215C0D461726E2A30051F919 /* TCBlobDownloadExample */ = {
			isa = PBXNativeTarget;
			buildConfigurationList = 215C0D641726E2A30051F919 /* Build configuration list for PBXNativeTarget "TCBlobDownloadExample" */;
			buildPhases = (
				215C0D431726E2A30051F919 /* Sources */,
				215C0D441726E2A30051F919 /* Frameworks */,
				215C0D451726E2A30051F919 /* Resources */,
			);
			buildRules = (
			);
			dependencies = (
			);
			name = TCBlobDownloadExample;
			productName = TCBlobDownloadExample;
			productReference = 215C0D471726E2A30051F919 /* TCBlobDownloadExample.app */;
			productType = "com.apple.product-type.application";
		};
/* End PBXNativeTarget section */

/* Begin PBXProject section */
		215C0D3F1726E2A30051F919 /* Project object */ = {
			isa = PBXProject;
			attributes = {
				LastUpgradeCheck = 0460;
				ORGANIZATIONNAME = thibaultCha;
			};
			buildConfigurationList = 215C0D421726E2A30051F919 /* Build configuration list for PBXProject "TCBlobDownloadExample" */;
			compatibilityVersion = "Xcode 3.2";
			developmentRegion = English;
			hasScannedForEncodings = 0;
			knownRegions = (
				en,
			);
			mainGroup = 215C0D3E1726E2A30051F919;
			productRefGroup = 215C0D481726E2A30051F919 /* Products */;
			projectDirPath = "";
			projectRoot = "";
			targets = (
				215C0D461726E2A30051F919 /* TCBlobDownloadExample */,
			);
		};
/* End PBXProject section */

/* Begin PBXResourcesBuildPhase section */
		215C0D451726E2A30051F919 /* Resources */ = {
			isa = PBXResourcesBuildPhase;
			buildActionMask = 2147483647;
			files = (
				215C0D551726E2A30051F919 /* InfoPlist.strings in Resources */,
				215C0D5D1726E2A30051F919 /* Default.png in Resources */,
				215C0D5F1726E2A30051F919 /* Default@2x.png in Resources */,
				215C0D611726E2A30051F919 /* Default-568h@2x.png in Resources */,
				215C0D6B1726E2ED0051F919 /* ViewController.xib in Resources */,
			);
			runOnlyForDeploymentPostprocessing = 0;
		};
/* End PBXResourcesBuildPhase section */

/* Begin PBXSourcesBuildPhase section */
		215C0D431726E2A30051F919 /* Sources */ = {
			isa = PBXSourcesBuildPhase;
			buildActionMask = 2147483647;
			files = (
				215C0D571726E2A30051F919 /* main.m in Sources */,
				215C0D5B1726E2A30051F919 /* AppDelegate.m in Sources */,
				215C0D6A1726E2ED0051F919 /* ViewController.m in Sources */,
				215C0D711726E3170051F919 /* TCBlobDownload.m in Sources */,
				215C0D721726E3170051F919 /* TCBlobDownloadManager.m in Sources */,
			);
			runOnlyForDeploymentPostprocessing = 0;
		};
/* End PBXSourcesBuildPhase section */

/* Begin PBXVariantGroup section */
		215C0D531726E2A30051F919 /* InfoPlist.strings */ = {
			isa = PBXVariantGroup;
			children = (
				215C0D541726E2A30051F919 /* en */,
			);
			name = InfoPlist.strings;
			sourceTree = "<group>";
		};
/* End PBXVariantGroup section */

/* Begin XCBuildConfiguration section */
		215C0D621726E2A30051F919 /* Debug */ = {
			isa = XCBuildConfiguration;
			buildSettings = {
				ALWAYS_SEARCH_USER_PATHS = NO;
				CLANG_CXX_LANGUAGE_STANDARD = "gnu++0x";
				CLANG_CXX_LIBRARY = "libc++";
				CLANG_ENABLE_OBJC_ARC = YES;
				CLANG_WARN_CONSTANT_CONVERSION = YES;
				CLANG_WARN_EMPTY_BODY = YES;
				CLANG_WARN_ENUM_CONVERSION = YES;
				CLANG_WARN_INT_CONVERSION = YES;
				CLANG_WARN__DUPLICATE_METHOD_MATCH = YES;
				"CODE_SIGN_IDENTITY[sdk=iphoneos*]" = "iPhone Developer";
				COPY_PHASE_STRIP = NO;
				GCC_C_LANGUAGE_STANDARD = gnu99;
				GCC_DYNAMIC_NO_PIC = NO;
				GCC_OPTIMIZATION_LEVEL = 0;
				GCC_PREPROCESSOR_DEFINITIONS = (
					"DEBUG=1",
					"$(inherited)",
				);
				GCC_SYMBOLS_PRIVATE_EXTERN = NO;
				GCC_WARN_ABOUT_RETURN_TYPE = YES;
				GCC_WARN_UNINITIALIZED_AUTOS = YES;
				GCC_WARN_UNUSED_VARIABLE = YES;
				IPHONEOS_DEPLOYMENT_TARGET = 6.1;
				ONLY_ACTIVE_ARCH = YES;
				SDKROOT = iphoneos;
				TARGETED_DEVICE_FAMILY = "1,2";
			};
			name = Debug;
		};
		215C0D631726E2A30051F919 /* Release */ = {
			isa = XCBuildConfiguration;
			buildSettings = {
				ALWAYS_SEARCH_USER_PATHS = NO;
				CLANG_CXX_LANGUAGE_STANDARD = "gnu++0x";
				CLANG_CXX_LIBRARY = "libc++";
				CLANG_ENABLE_OBJC_ARC = YES;
				CLANG_WARN_CONSTANT_CONVERSION = YES;
				CLANG_WARN_EMPTY_BODY = YES;
				CLANG_WARN_ENUM_CONVERSION = YES;
				CLANG_WARN_INT_CONVERSION = YES;
				CLANG_WARN__DUPLICATE_METHOD_MATCH = YES;
				"CODE_SIGN_IDENTITY[sdk=iphoneos*]" = "iPhone Developer";
				COPY_PHASE_STRIP = YES;
				GCC_C_LANGUAGE_STANDARD = gnu99;
				GCC_WARN_ABOUT_RETURN_TYPE = YES;
				GCC_WARN_UNINITIALIZED_AUTOS = YES;
				GCC_WARN_UNUSED_VARIABLE = YES;
				IPHONEOS_DEPLOYMENT_TARGET = 6.1;
				OTHER_CFLAGS = "-DNS_BLOCK_ASSERTIONS=1";
				SDKROOT = iphoneos;
				TARGETED_DEVICE_FAMILY = "1,2";
				VALIDATE_PRODUCT = YES;
			};
			name = Release;
		};
		215C0D651726E2A30051F919 /* Debug */ = {
			isa = XCBuildConfiguration;
			buildSettings = {
				GCC_PRECOMPILE_PREFIX_HEADER = YES;
				GCC_PREFIX_HEADER = "TCBlobDownloadExample/TCBlobDownloadExample-Prefix.pch";
				INFOPLIST_FILE = "TCBlobDownloadExample/TCBlobDownloadExample-Info.plist";
				IPHONEOS_DEPLOYMENT_TARGET = 6.1;
				PRODUCT_NAME = "$(TARGET_NAME)";
				WRAPPER_EXTENSION = app;
			};
			name = Debug;
		};
		215C0D661726E2A30051F919 /* Release */ = {
			isa = XCBuildConfiguration;
			buildSettings = {
				GCC_PRECOMPILE_PREFIX_HEADER = YES;
				GCC_PREFIX_HEADER = "TCBlobDownloadExample/TCBlobDownloadExample-Prefix.pch";
				INFOPLIST_FILE = "TCBlobDownloadExample/TCBlobDownloadExample-Info.plist";
				IPHONEOS_DEPLOYMENT_TARGET = 6.1;
				PRODUCT_NAME = "$(TARGET_NAME)";
				WRAPPER_EXTENSION = app;
			};
			name = Release;
		};
/* End XCBuildConfiguration section */

/* Begin XCConfigurationList section */
		215C0D421726E2A30051F919 /* Build configuration list for PBXProject "TCBlobDownloadExample" */ = {
			isa = XCConfigurationList;
			buildConfigurations = (
				215C0D621726E2A30051F919 /* Debug */,
				215C0D631726E2A30051F919 /* Release */,
			);
			defaultConfigurationIsVisible = 0;
			defaultConfigurationName = Release;
		};
		215C0D641726E2A30051F919 /* Build configuration list for PBXNativeTarget "TCBlobDownloadExample" */ = {
			isa = XCConfigurationList;
			buildConfigurations = (
				215C0D651726E2A30051F919 /* Debug */,
				215C0D661726E2A30051F919 /* Release */,
			);
			defaultConfigurationIsVisible = 0;
			defaultConfigurationName = Release;
		};
/* End XCConfigurationList section */
	};
	rootObject = 215C0D3F1726E2A30051F919 /* Project object */;
}
